{
  "name": "counting-othello",
  "version": "0.0.1",
  "lockfileVersion": 1,
  "requires": true,
  "dependencies": {
    "@stencil/core": {
      "version": "1.0.0-beta.5",
      "resolved": "https://registry.npmjs.org/@stencil/core/-/core-1.0.0-beta.5.tgz",
      "integrity": "sha512-rJpH57nn+E6F84HastQ8RDuhq+j5LeUey3sVW192y5VCTmHbMUfiwVgtFIUo6+BDIXagAG01rbm7WHCMTSGdSw==",
      "dev": true,
      "requires": {
        "typescript": "3.4.5"
      }
    },
    "@types/lodash": {
      "version": "4.14.132",
      "resolved": "https://registry.npmjs.org/@types/lodash/-/lodash-4.14.132.tgz",
      "integrity": "sha512-RNUU1rrh85NgUJcjOOr96YXr+RHwInGbaQCZmlitqOaCKXffj8bh+Zxwuq5rjDy5OgzFldDVoqk4pyLEDiwxIw=="
    },
    "lodash": {
      "version": "4.17.13",
      "resolved": "https://registry.npmjs.org/lodash/-/lodash-4.17.13.tgz",
      "integrity": "sha512-vm3/XWXfWtRua0FkUyEHBZy8kCPjErNBT9fJx8Zvs+U6zjqPbTUOpkaoum3O5uiA8sm+yNMHXfYkTUHFoMxFNA=="
    },
    "typescript": {
      "version": "3.4.5",
      "resolved": "https://registry.npmjs.org/typescript/-/typescript-3.4.5.tgz",
      "integrity": "sha512-YycBxUb49UUhdNMU5aJ7z5Ej2XGmaIBL0x34vZ82fn3hGvD+bgrMrVDpatgz2f7YxUMJxMkbWxJZeAvDxVe7Vw==",
      "dev": true
    }
  }
}
